// !$*UTF8*$!
{
	archiveVersion = 1;
	classes = {
	};
	objectVersion = 46;
	objects = {

/* Begin PBXBuildFile section */
		D457AA3D1C2D15D7002082AB /* main.m in Sources */ = {isa = PBXBuildFile; fileRef = D457AA3C1C2D15D7002082AB /* main.m */; };
		D457AA401C2D15D7002082AB /* AppDelegate.m in Sources */ = {isa = PBXBuildFile; fileRef = D457AA3F1C2D15D7002082AB /* AppDelegate.m */; };
		D457AA431C2D15D7002082AB /* ViewController.m in Sources */ = {isa = PBXBuildFile; fileRef = D457AA421C2D15D7002082AB /* ViewController.m */; };
		D457AA461C2D15D7002082AB /* Main.storyboard in Resources */ = {isa = PBXBuildFile; fileRef = D457AA441C2D15D7002082AB /* Main.storyboard */; };
		D457AA491C2D15D7002082AB /* DEFetchRCDemo.xcdatamodeld in Sources */ = {isa = PBXBuildFile; fileRef = D457AA471C2D15D7002082AB /* DEFetchRCDemo.xcdatamodeld */; };
		D457AA4B1C2D15D7002082AB /* Assets.xcassets in Resources */ = {isa = PBXBuildFile; fileRef = D457AA4A1C2D15D7002082AB /* Assets.xcassets */; };
		D457AA4E1C2D15D7002082AB /* LaunchScreen.storyboard in Resources */ = {isa = PBXBuildFile; fileRef = D457AA4C1C2D15D7002082AB /* LaunchScreen.storyboard */; };
		D457AA5E1C2D15FF002082AB /* DECollectionViewFetchRC.m in Sources */ = {isa = PBXBuildFile; fileRef = D457AA571C2D15FF002082AB /* DECollectionViewFetchRC.m */; };
		D457AA5F1C2D15FF002082AB /* DEFetchRC.m in Sources */ = {isa = PBXBuildFile; fileRef = D457AA591C2D15FF002082AB /* DEFetchRC.m */; };
		D457AA601C2D15FF002082AB /* DETableViewFetchRC.m in Sources */ = {isa = PBXBuildFile; fileRef = D457AA5B1C2D15FF002082AB /* DETableViewFetchRC.m */; };
		D457AA651C2D1781002082AB /* Item.m in Sources */ = {isa = PBXBuildFile; fileRef = D457AA641C2D1781002082AB /* Item.m */; };
/* End PBXBuildFile section */

/* Begin PBXFileReference section */
		D457AA381C2D15D7002082AB /* DEFetchRCDemo.app */ = {isa = PBXFileReference; explicitFileType = wrapper.application; includeInIndex = 0; path = DEFetchRCDemo.app; sourceTree = BUILT_PRODUCTS_DIR; };
		D457AA3C1C2D15D7002082AB /* main.m */ = {isa = PBXFileReference; lastKnownFileType = sourcecode.c.objc; path = main.m; sourceTree = "<group>"; };
		D457AA3E1C2D15D7002082AB /* AppDelegate.h */ = {isa = PBXFileReference; lastKnownFileType = sourcecode.c.h; path = AppDelegate.h; sourceTree = "<group>"; };
		D457AA3F1C2D15D7002082AB /* AppDelegate.m */ = {isa = PBXFileReference; lastKnownFileType = sourcecode.c.objc; path = AppDelegate.m; sourceTree = "<group>"; };
		D457AA411C2D15D7002082AB /* ViewController.h */ = {isa = PBXFileReference; lastKnownFileType = sourcecode.c.h; path = ViewController.h; sourceTree = "<group>"; };
		D457AA421C2D15D7002082AB /* ViewController.m */ = {isa = PBXFileReference; lastKnownFileType = sourcecode.c.objc; path = ViewController.m; sourceTree = "<group>"; };
		D457AA451C2D15D7002082AB /* Base */ = {isa = PBXFileReference; lastKnownFileType = file.storyboard; name = Base; path = Base.lproj/Main.storyboard; sourceTree = "<group>"; };
		D457AA481C2D15D7002082AB /* DEFetchRCDemo.xcdatamodel */ = {isa = PBXFileReference; lastKnownFileType = wrapper.xcdatamodel; path = DEFetchRCDemo.xcdatamodel; sourceTree = "<group>"; };
		D457AA4A1C2D15D7002082AB /* Assets.xcassets */ = {isa = PBXFileReference; lastKnownFileType = folder.assetcatalog; path = Assets.xcassets; sourceTree = "<group>"; };
		D457AA4D1C2D15D7002082AB /* Base */ = {isa = PBXFileReference; lastKnownFileType = file.storyboard; name = Base; path = Base.lproj/LaunchScreen.storyboard; sourceTree = "<group>"; };
		D457AA4F1C2D15D7002082AB /* Info.plist */ = {isa = PBXFileReference; lastKnownFileType = text.plist.xml; path = Info.plist; sourceTree = "<group>"; };
		D457AA561C2D15FF002082AB /* DECollectionViewFetchRC.h */ = {isa = PBXFileReference; fileEncoding = 4; lastKnownFileType = sourcecode.c.h; path = DECollectionViewFetchRC.h; sourceTree = "<group>"; };
		D457AA571C2D15FF002082AB /* DECollectionViewFetchRC.m */ = {isa = PBXFileReference; fileEncoding = 4; lastKnownFileType = sourcecode.c.objc; path = DECollectionViewFetchRC.m; sourceTree = "<group>"; };
		D457AA581C2D15FF002082AB /* DEFetchRC.h */ = {isa = PBXFileReference; fileEncoding = 4; lastKnownFileType = sourcecode.c.h; path = DEFetchRC.h; sourceTree = "<group>"; };
		D457AA591C2D15FF002082AB /* DEFetchRC.m */ = {isa = PBXFileReference; fileEncoding = 4; lastKnownFileType = sourcecode.c.objc; path = DEFetchRC.m; sourceTree = "<group>"; };
		D457AA5A1C2D15FF002082AB /* DETableViewFetchRC.h */ = {isa = PBXFileReference; fileEncoding = 4; lastKnownFileType = sourcecode.c.h; path = DETableViewFetchRC.h; sourceTree = "<group>"; };
		D457AA5B1C2D15FF002082AB /* DETableViewFetchRC.m */ = {isa = PBXFileReference; fileEncoding = 4; lastKnownFileType = sourcecode.c.objc; path = DETableViewFetchRC.m; sourceTree = "<group>"; };
		D457AA631C2D1781002082AB /* Item.h */ = {isa = PBXFileReference; fileEncoding = 4; lastKnownFileType = sourcecode.c.h; path = Item.h; sourceTree = "<group>"; };
		D457AA641C2D1781002082AB /* Item.m */ = {isa = PBXFileReference; fileEncoding = 4; lastKnownFileType = sourcecode.c.objc; path = Item.m; sourceTree = "<group>"; };
/* End PBXFileReference section */

/* Begin PBXFrameworksBuildPhase section */
		D457AA351C2D15D7002082AB /* Frameworks */ = {
			isa = PBXFrameworksBuildPhase;
			buildActionMask = 2147483647;
			files = (
			);
			runOnlyForDeploymentPostprocessing = 0;
		};
/* End PBXFrameworksBuildPhase section */

/* Begin PBXGroup section */
		D457AA2F1C2D15D7002082AB = {
			isa = PBXGroup;
			children = (
				D457AA551C2D15FF002082AB /* fetchRC */,
				D457AA3A1C2D15D7002082AB /* DEFetchRCDemo */,
				D457AA391C2D15D7002082AB /* Products */,
			);
			sourceTree = "<group>";
		};
		D457AA391C2D15D7002082AB /* Products */ = {
			isa = PBXGroup;
			children = (
				D457AA381C2D15D7002082AB /* DEFetchRCDemo.app */,
			);
			name = Products;
			sourceTree = "<group>";
		};
		D457AA3A1C2D15D7002082AB /* DEFetchRCDemo */ = {
			isa = PBXGroup;
			children = (
				D457AA621C2D1772002082AB /* Model */,
				D457AA3E1C2D15D7002082AB /* AppDelegate.h */,
				D457AA3F1C2D15D7002082AB /* AppDelegate.m */,
				D457AA411C2D15D7002082AB /* ViewController.h */,
				D457AA421C2D15D7002082AB /* ViewController.m */,
				D457AA441C2D15D7002082AB /* Main.storyboard */,
				D457AA4A1C2D15D7002082AB /* Assets.xcassets */,
				D457AA4C1C2D15D7002082AB /* LaunchScreen.storyboard */,
				D457AA4F1C2D15D7002082AB /* Info.plist */,
				D457AA471C2D15D7002082AB /* DEFetchRCDemo.xcdatamodeld */,
				D457AA3B1C2D15D7002082AB /* Supporting Files */,
			);
			path = DEFetchRCDemo;
			sourceTree = "<group>";
		};
		D457AA3B1C2D15D7002082AB /* Supporting Files */ = {
			isa = PBXGroup;
			children = (
				D457AA3C1C2D15D7002082AB /* main.m */,
			);
			name = "Supporting Files";
			sourceTree = "<group>";
		};
		D457AA551C2D15FF002082AB /* fetchRC */ = {
			isa = PBXGroup;
			children = (
				D457AA561C2D15FF002082AB /* DECollectionViewFetchRC.h */,
				D457AA571C2D15FF002082AB /* DECollectionViewFetchRC.m */,
				D457AA581C2D15FF002082AB /* DEFetchRC.h */,
				D457AA591C2D15FF002082AB /* DEFetchRC.m */,
				D457AA5A1C2D15FF002082AB /* DETableViewFetchRC.h */,
				D457AA5B1C2D15FF002082AB /* DETableViewFetchRC.m */,
			);
			path = fetchRC;
			sourceTree = "<group>";
		};
		D457AA621C2D1772002082AB /* Model */ = {
			isa = PBXGroup;
			children = (
				D457AA631C2D1781002082AB /* Item.h */,
				D457AA641C2D1781002082AB /* Item.m */,
			);
			name = Model;
			sourceTree = "<group>";
		};
/* End PBXGroup section */

/* Begin PBXNativeTarget section */
		D457AA371C2D15D7002082AB /* DEFetchRCDemo */ = {
			isa = PBXNativeTarget;
			buildConfigurationList = D457AA521C2D15D7002082AB /* Build configuration list for PBXNativeTarget "DEFetchRCDemo" */;
			buildPhases = (
				D457AA341C2D15D7002082AB /* Sources */,
				D457AA351C2D15D7002082AB /* Frameworks */,
				D457AA361C2D15D7002082AB /* Resources */,
			);
			buildRules = (
			);
			dependencies = (
			);
			name = DEFetchRCDemo;
			productName = DEFetchRCDemo;
			productReference = D457AA381C2D15D7002082AB /* DEFetchRCDemo.app */;
			productType = "com.apple.product-type.application";
		};
/* End PBXNativeTarget section */

/* Begin PBXProject section */
		D457AA301C2D15D7002082AB /* Project object */ = {
			isa = PBXProject;
			attributes = {
				LastUpgradeCheck = 0720;
				ORGANIZATIONNAME = gerinn;
				TargetAttributes = {
					D457AA371C2D15D7002082AB = {
						CreatedOnToolsVersion = 7.2;
					};
				};
			};
			buildConfigurationList = D457AA331C2D15D7002082AB /* Build configuration list for PBXProject "DEFetchRCDemo" */;
			compatibilityVersion = "Xcode 3.2";
			developmentRegion = English;
			hasScannedForEncodings = 0;
			knownRegions = (
				en,
				Base,
			);
			mainGroup = D457AA2F1C2D15D7002082AB;
			productRefGroup = D457AA391C2D15D7002082AB /* Products */;
			projectDirPath = "";
			projectRoot = "";
			targets = (
				D457AA371C2D15D7002082AB /* DEFetchRCDemo */,
			);
		};
/* End PBXProject section */

/* Begin PBXResourcesBuildPhase section */
		D457AA361C2D15D7002082AB /* Resources */ = {
			isa = PBXResourcesBuildPhase;
			buildActionMask = 2147483647;
			files = (
				D457AA4E1C2D15D7002082AB /* LaunchScreen.storyboard in Resources */,
				D457AA4B1C2D15D7002082AB /* Assets.xcassets in Resources */,
				D457AA461C2D15D7002082AB /* Main.storyboard in Resources */,
			);
			runOnlyForDeploymentPostprocessing = 0;
		};
/* End PBXResourcesBuildPhase section */

/* Begin PBXSourcesBuildPhase section */
		D457AA341C2D15D7002082AB /* Sources */ = {
			isa = PBXSourcesBuildPhase;
			buildActionMask = 2147483647;
			files = (
				D457AA651C2D1781002082AB /* Item.m in Sources */,
				D457AA431C2D15D7002082AB /* ViewController.m in Sources */,
				D457AA601C2D15FF002082AB /* DETableViewFetchRC.m in Sources */,
				D457AA401C2D15D7002082AB /* AppDelegate.m in Sources */,
				D457AA5F1C2D15FF002082AB /* DEFetchRC.m in Sources */,
				D457AA3D1C2D15D7002082AB /* main.m in Sources */,
				D457AA5E1C2D15FF002082AB /* DECollectionViewFetchRC.m in Sources */,
				D457AA491C2D15D7002082AB /* DEFetchRCDemo.xcdatamodeld in Sources */,
			);
			runOnlyForDeploymentPostprocessing = 0;
		};
/* End PBXSourcesBuildPhase section */

/* Begin PBXVariantGroup section */
		D457AA441C2D15D7002082AB /* Main.storyboard */ = {
			isa = PBXVariantGroup;
			children = (
				D457AA451C2D15D7002082AB /* Base */,
			);
			name = Main.storyboard;
			sourceTree = "<group>";
		};
		D457AA4C1C2D15D7002082AB /* LaunchScreen.storyboard */ = {
			isa = PBXVariantGroup;
			children = (
				D457AA4D1C2D15D7002082AB /* Base */,
			);
			name = LaunchScreen.storyboard;
			sourceTree = "<group>";
		};
/* End PBXVariantGroup section */

/* Begin XCBuildConfiguration section */
		D457AA501C2D15D7002082AB /* Debug */ = {
			isa = XCBuildConfiguration;
			buildSettings = {
				ALWAYS_SEARCH_USER_PATHS = NO;
				CLANG_CXX_LANGUAGE_STANDARD = "gnu++0x";
				CLANG_CXX_LIBRARY = "libc++";
				CLANG_ENABLE_MODULES = YES;
				CLANG_ENABLE_OBJC_ARC = YES;
				CLANG_WARN_BOOL_CONVERSION = YES;
				CLANG_WARN_CONSTANT_CONVERSION = YES;
				CLANG_WARN_DIRECT_OBJC_ISA_USAGE = YES_ERROR;
				CLANG_WARN_EMPTY_BODY = YES;
				CLANG_WARN_ENUM_CONVERSION = YES;
				CLANG_WARN_INT_CONVERSION = YES;
				CLANG_WARN_OBJC_ROOT_CLASS = YES_ERROR;
				CLANG_WARN_UNREACHABLE_CODE = YES;
				CLANG_WARN__DUPLICATE_METHOD_MATCH = YES;
				"CODE_SIGN_IDENTITY[sdk=iphoneos*]" = "iPhone Developer";
				COPY_PHASE_STRIP = NO;
				DEBUG_INFORMATION_FORMAT = dwarf;
				ENABLE_STRICT_OBJC_MSGSEND = YES;
				ENABLE_TESTABILITY = YES;
				GCC_C_LANGUAGE_STANDARD = gnu99;
				GCC_DYNAMIC_NO_PIC = NO;
				GCC_NO_COMMON_BLOCKS = YES;
				GCC_OPTIMIZATION_LEVEL = 0;
				GCC_PREPROCESSOR_DEFINITIONS = (
					"DEBUG=1",
					"$(inherited)",
				);
				GCC_WARN_64_TO_32_BIT_CONVERSION = YES;
				GCC_WARN_ABOUT_RETURN_TYPE = YES_ERROR;
				GCC_WARN_UNDECLARED_SELECTOR = YES;
				GCC_WARN_UNINITIALIZED_AUTOS = YES_AGGRESSIVE;
				GCC_WARN_UNUSED_FUNCTION = YES;
				GCC_WARN_UNUSED_VARIABLE = YES;
				IPHONEOS_DEPLOYMENT_TARGET = 9.2;
				MTL_ENABLE_DEBUG_INFO = YES;
				ONLY_ACTIVE_ARCH = YES;
				SDKROOT = iphoneos;
			};
			name = Debug;
		};
		D457AA511C2D15D7002082AB /* Release */ = {
			isa = XCBuildConfiguration;
			buildSettings = {
				ALWAYS_SEARCH_USER_PATHS = NO;
				CLANG_CXX_LANGUAGE_STANDARD = "gnu++0x";
				CLANG_CXX_LIBRARY = "libc++";
				CLANG_ENABLE_MODULES = YES;
				CLANG_ENABLE_OBJC_ARC = YES;
				CLANG_WARN_BOOL_CONVERSION = YES;
				CLANG_WARN_CONSTANT_CONVERSION = YES;
				CLANG_WARN_DIRECT_OBJC_ISA_USAGE = YES_ERROR;
				CLANG_WARN_EMPTY_BODY = YES;
				CLANG_WARN_ENUM_CONVERSION = YES;
				CLANG_WARN_INT_CONVERSION = YES;
				CLANG_WARN_OBJC_ROOT_CLASS = YES_ERROR;
				CLANG_WARN_UNREACHABLE_CODE = YES;
				CLANG_WARN__DUPLICATE_METHOD_MATCH = YES;
				"CODE_SIGN_IDENTITY[sdk=iphoneos*]" = "iPhone Developer";
				COPY_PHASE_STRIP = NO;
				DEBUG_INFORMATION_FORMAT = "dwarf-with-dsym";
				ENABLE_NS_ASSERTIONS = NO;
				ENABLE_STRICT_OBJC_MSGSEND = YES;
				GCC_C_LANGUAGE_STANDARD = gnu99;
				GCC_NO_COMMON_BLOCKS = YES;
				GCC_WARN_64_TO_32_BIT_CONVERSION = YES;
				GCC_WARN_ABOUT_RETURN_TYPE = YES_ERROR;
				GCC_WARN_UNDECLARED_SELECTOR = YES;
				GCC_WARN_UNINITIALIZED_AUTOS = YES_AGGRESSIVE;
				GCC_WARN_UNUSED_FUNCTION = YES;
				GCC_WARN_UNUSED_VARIABLE = YES;
				IPHONEOS_DEPLOYMENT_TARGET = 9.2;
				MTL_ENABLE_DEBUG_INFO = NO;
				SDKROOT = iphoneos;
				VALIDATE_PRODUCT = YES;
			};
			name = Release;
		};
		D457AA531C2D15D7002082AB /* Debug */ = {
			isa = XCBuildConfiguration;
			buildSettings = {
				ASSETCATALOG_COMPILER_APPICON_NAME = AppIcon;
				INFOPLIST_FILE = DEFetchRCDemo/Info.plist;
				LD_RUNPATH_SEARCH_PATHS = "$(inherited) @executable_path/Frameworks";
				PRODUCT_BUNDLE_IDENTIFIER = com.gerinn.DEFetchRCDemo;
				PRODUCT_NAME = "$(TARGET_NAME)";
			};
			name = Debug;
		};
		D457AA541C2D15D7002082AB /* Release */ = {
			isa = XCBuildConfiguration;
			buildSettings = {
				ASSETCATALOG_COMPILER_APPICON_NAME = AppIcon;
				INFOPLIST_FILE = DEFetchRCDemo/Info.plist;
				LD_RUNPATH_SEARCH_PATHS = "$(inherited) @executable_path/Frameworks";
				PRODUCT_BUNDLE_IDENTIFIER = com.gerinn.DEFetchRCDemo;
				PRODUCT_NAME = "$(TARGET_NAME)";
			};
			name = Release;
		};
/* End XCBuildConfiguration section */

/* Begin XCConfigurationList section */
		D457AA331C2D15D7002082AB /* Build configuration list for PBXProject "DEFetchRCDemo" */ = {
			isa = XCConfigurationList;
			buildConfigurations = (
				D457AA501C2D15D7002082AB /* Debug */,
				D457AA511C2D15D7002082AB /* Release */,
			);
			defaultConfigurationIsVisible = 0;
			defaultConfigurationName = Release;
		};
		D457AA521C2D15D7002082AB /* Build configuration list for PBXNativeTarget "DEFetchRCDemo" */ = {
			isa = XCConfigurationList;
			buildConfigurations = (
				D457AA531C2D15D7002082AB /* Debug */,
				D457AA541C2D15D7002082AB /* Release */,
			);
			defaultConfigurationIsVisible = 0;
		};
/* End XCConfigurationList section */

/* Begin XCVersionGroup section */
		D457AA471C2D15D7002082AB /* DEFetchRCDemo.xcdatamodeld */ = {
			isa = XCVersionGroup;
			children = (
				D457AA481C2D15D7002082AB /* DEFetchRCDemo.xcdatamodel */,
			);
			currentVersion = D457AA481C2D15D7002082AB /* DEFetchRCDemo.xcdatamodel */;
			path = DEFetchRCDemo.xcdatamodeld;
			sourceTree = "<group>";
			versionGroupType = wrapper.xcdatamodel;
		};
/* End XCVersionGroup section */
	};
	rootObject = D457AA301C2D15D7002082AB /* Project object */;
}
